// !$*UTF8*$!
{
	archiveVersion = 1;
	classes = {
	};
	objectVersion = 53;
	objects = {

/* Begin PBXBuildFile section */
		103D91DD2A003086003E8892 /* PingOneVerify.xcframework in Frameworks */ = {isa = PBXBuildFile; fileRef = 103D91DB2A003085003E8892 /* PingOneVerify.xcframework */; };
		103D91DE2A003086003E8892 /* PingOneVerify.xcframework in Embed Frameworks */ = {isa = PBXBuildFile; fileRef = 103D91DB2A003085003E8892 /* PingOneVerify.xcframework */; settings = {ATTRIBUTES = (CodeSignOnCopy, RemoveHeadersOnCopy, ); }; };
		103D91DF2A003086003E8892 /* Microblink.xcframework in Frameworks */ = {isa = PBXBuildFile; fileRef = 103D91DC2A003085003E8892 /* Microblink.xcframework */; };
		103D91E02A003086003E8892 /* Microblink.xcframework in Embed Frameworks */ = {isa = PBXBuildFile; fileRef = 103D91DC2A003085003E8892 /* Microblink.xcframework */; settings = {ATTRIBUTES = (CodeSignOnCopy, RemoveHeadersOnCopy, ); }; };
		105EBAD52A58B109001C52FD /* PingOneSDK.xcframework in Frameworks */ = {isa = PBXBuildFile; fileRef = 105EBAD22A58B106001C52FD /* PingOneSDK.xcframework */; };
		105EBAD62A58B109001C52FD /* PingOneSDK.xcframework in Embed Frameworks */ = {isa = PBXBuildFile; fileRef = 105EBAD22A58B106001C52FD /* PingOneSDK.xcframework */; settings = {ATTRIBUTES = (CodeSignOnCopy, RemoveHeadersOnCopy, ); }; };
		105EBAD72A58B111001C52FD /* PingOneSDK.xcframework in Frameworks */ = {isa = PBXBuildFile; fileRef = 105EBAD22A58B106001C52FD /* PingOneSDK.xcframework */; };
		105EBAD82A58B111001C52FD /* PingOneSDK.xcframework in Embed Frameworks */ = {isa = PBXBuildFile; fileRef = 105EBAD22A58B106001C52FD /* PingOneSDK.xcframework */; settings = {ATTRIBUTES = (CodeSignOnCopy, RemoveHeadersOnCopy, ); }; };
		106B88F32A02AF5800A9A9A6 /* String+utilities.swift in Sources */ = {isa = PBXBuildFile; fileRef = 106B88F22A02AF5800A9A9A6 /* String+utilities.swift */; };
		10A5CBA22A58B2DA004C01BA /* PingOneVerify.xcframework in Frameworks */ = {isa = PBXBuildFile; fileRef = 103D91DB2A003085003E8892 /* PingOneVerify.xcframework */; };
		10A5CBA32A58B2DA004C01BA /* PingOneVerify.xcframework in Embed Frameworks */ = {isa = PBXBuildFile; fileRef = 103D91DB2A003085003E8892 /* PingOneVerify.xcframework */; settings = {ATTRIBUTES = (CodeSignOnCopy, RemoveHeadersOnCopy, ); }; };
		10A5CBA42A58B301004C01BA /* Microblink.xcframework in Frameworks */ = {isa = PBXBuildFile; fileRef = 103D91DC2A003085003E8892 /* Microblink.xcframework */; };
		10A5CBA52A58B301004C01BA /* Microblink.xcframework in Embed Frameworks */ = {isa = PBXBuildFile; fileRef = 103D91DC2A003085003E8892 /* Microblink.xcframework */; settings = {ATTRIBUTES = (CodeSignOnCopy, RemoveHeadersOnCopy, ); }; };
		10C32F2523BA595F00FA5E71 /* BXFinance-Constants.swift in Sources */ = {isa = PBXBuildFile; fileRef = 7BA92C20235F00440022D645 /* BXFinance-Constants.swift */; };
		10F454AC2A49F3200069130F /* Arimo-Regular.ttf in Resources */ = {isa = PBXBuildFile; fileRef = 10F454AA2A49F3200069130F /* Arimo-Regular.ttf */; };
		10F454AD2A49F3200069130F /* Arimo-Regular.ttf in Resources */ = {isa = PBXBuildFile; fileRef = 10F454AA2A49F3200069130F /* Arimo-Regular.ttf */; };
		10F454AE2A49F3200069130F /* Arimo-Bold.ttf in Resources */ = {isa = PBXBuildFile; fileRef = 10F454AB2A49F3200069130F /* Arimo-Bold.ttf */; };
		10F454AF2A49F3200069130F /* Arimo-Bold.ttf in Resources */ = {isa = PBXBuildFile; fileRef = 10F454AB2A49F3200069130F /* Arimo-Bold.ttf */; };
		1C812DA029159826001CCCB6 /* Constants.swift in Sources */ = {isa = PBXBuildFile; fileRef = 1C812D9F29159826001CCCB6 /* Constants.swift */; };
		1C812DA129159A0A001CCCB6 /* Constants.swift in Sources */ = {isa = PBXBuildFile; fileRef = 1C812D9F29159826001CCCB6 /* Constants.swift */; };
		1C81FDF125F2E5C700122720 /* lib_colors.xcassets in Resources */ = {isa = PBXBuildFile; fileRef = 1C81FDF025F2E5C700122720 /* lib_colors.xcassets */; };
		1C92740027611C86000BFD6F /* ManualPairingViewController.swift in Sources */ = {isa = PBXBuildFile; fileRef = 7BA52471229AA65200DD0E06 /* ManualPairingViewController.swift */; };
		1C92740127611C86000BFD6F /* UIColor+netHex.swift in Sources */ = {isa = PBXBuildFile; fileRef = D5787EE125E9A3D800DFC2D5 /* UIColor+netHex.swift */; };
		1C92740227611C86000BFD6F /* UIView+Border.swift in Sources */ = {isa = PBXBuildFile; fileRef = D5787EE725E9A3D800DFC2D5 /* UIView+Border.swift */; };
		1C92740527611C86000BFD6F /* OIDCViewController.swift in Sources */ = {isa = PBXBuildFile; fileRef = 7BA92C29235F00600022D645 /* OIDCViewController.swift */; };
		1C92740827611C86000BFD6F /* AppDelegate.swift in Sources */ = {isa = PBXBuildFile; fileRef = 7BA5246F229AA65200DD0E06 /* AppDelegate.swift */; };
		1C92740927611C86000BFD6F /* HomeViewController.swift in Sources */ = {isa = PBXBuildFile; fileRef = 7BA92C23235F004C0022D645 /* HomeViewController.swift */; };
		1C92740D27611C86000BFD6F /* ActionItem.swift in Sources */ = {isa = PBXBuildFile; fileRef = 7BA92C26235F00570022D645 /* ActionItem.swift */; };
		1C92741027611C86000BFD6F /* String+localized.swift in Sources */ = {isa = PBXBuildFile; fileRef = D5787EE625E9A3D800DFC2D5 /* String+localized.swift */; };
		1C92741927611C86000BFD6F /* Alert.swift in Sources */ = {isa = PBXBuildFile; fileRef = 7B32BA9A23687A46008C1CF5 /* Alert.swift */; };
		1C92742227611C86000BFD6F /* AppAuth.xcframework in Frameworks */ = {isa = PBXBuildFile; fileRef = 7BA92C1D235F00350022D645 /* AppAuth.xcframework */; };
		1C92742C27611C86000BFD6F /* Rubik-Regular.ttf in Resources */ = {isa = PBXBuildFile; fileRef = D5869154258BFFB700FAFD07 /* Rubik-Regular.ttf */; };
		1C92742D27611C86000BFD6F /* LaunchScreen.storyboard in Resources */ = {isa = PBXBuildFile; fileRef = 7BA52478229AA65300DD0E06 /* LaunchScreen.storyboard */; };
		1C92742F27611C86000BFD6F /* Localizable.strings in Resources */ = {isa = PBXBuildFile; fileRef = 7BA52481229AA69B00DD0E06 /* Localizable.strings */; };
		1C92743127611C86000BFD6F /* Rubik-Bold.ttf in Resources */ = {isa = PBXBuildFile; fileRef = D5869156258BFFF500FAFD07 /* Rubik-Bold.ttf */; };
		1C92743427611C86000BFD6F /* Main.storyboard in Resources */ = {isa = PBXBuildFile; fileRef = 7BA52473229AA65200DD0E06 /* Main.storyboard */; };
		1C92743927611C86000BFD6F /* AppAuth.xcframework in Embed Frameworks */ = {isa = PBXBuildFile; fileRef = 7BA92C1D235F00350022D645 /* AppAuth.xcframework */; settings = {ATTRIBUTES = (CodeSignOnCopy, ); }; };
		1C92744527611EDC000BFD6F /* BXHealth.xcassets in Resources */ = {isa = PBXBuildFile; fileRef = 1C92744427611EDC000BFD6F /* BXHealth.xcassets */; };
		1C92744627612441000BFD6F /* Assets.xcassets in Resources */ = {isa = PBXBuildFile; fileRef = 7BA52476229AA65300DD0E06 /* Assets.xcassets */; };
		1C92744927612843000BFD6F /* lib_colors_bxhealth.xcassets in Resources */ = {isa = PBXBuildFile; fileRef = 1C9274472761282A000BFD6F /* lib_colors_bxhealth.xcassets */; };
		1C92744D27613F22000BFD6F /* HomeButtonsView.swift in Sources */ = {isa = PBXBuildFile; fileRef = 1C92744C27613F22000BFD6F /* HomeButtonsView.swift */; };
		1C92744F27614008000BFD6F /* HomeButtonsView.swift in Sources */ = {isa = PBXBuildFile; fileRef = 1C92744C27613F22000BFD6F /* HomeButtonsView.swift */; };
		1C927450276143CC000BFD6F /* HomeButtonsView.xib in Resources */ = {isa = PBXBuildFile; fileRef = 1C927453276143CC000BFD6F /* HomeButtonsView.xib */; };
		1C927451276143CC000BFD6F /* HomeButtonsView.xib in Resources */ = {isa = PBXBuildFile; fileRef = 1C927453276143CC000BFD6F /* HomeButtonsView.xib */; };
		1C92745527614489000BFD6F /* HomeButtonLabels.strings in Resources */ = {isa = PBXBuildFile; fileRef = 1C92745427614489000BFD6F /* HomeButtonLabels.strings */; };
		1C927457276144AD000BFD6F /* HomeButtonLabels.strings in Resources */ = {isa = PBXBuildFile; fileRef = 1C927456276144AD000BFD6F /* HomeButtonLabels.strings */; };
		1C92745B27615DE1000BFD6F /* BXHealth-Constants.swift in Sources */ = {isa = PBXBuildFile; fileRef = 1C92745A27615DE1000BFD6F /* BXHealth-Constants.swift */; };
		7B32BA9B23687A46008C1CF5 /* Alert.swift in Sources */ = {isa = PBXBuildFile; fileRef = 7B32BA9A23687A46008C1CF5 /* Alert.swift */; };
		7BA52470229AA65200DD0E06 /* AppDelegate.swift in Sources */ = {isa = PBXBuildFile; fileRef = 7BA5246F229AA65200DD0E06 /* AppDelegate.swift */; };
		7BA52472229AA65200DD0E06 /* ManualPairingViewController.swift in Sources */ = {isa = PBXBuildFile; fileRef = 7BA52471229AA65200DD0E06 /* ManualPairingViewController.swift */; };
		7BA52475229AA65200DD0E06 /* Main.storyboard in Resources */ = {isa = PBXBuildFile; fileRef = 7BA52473229AA65200DD0E06 /* Main.storyboard */; };
		7BA5247A229AA65300DD0E06 /* LaunchScreen.storyboard in Resources */ = {isa = PBXBuildFile; fileRef = 7BA52478229AA65300DD0E06 /* LaunchScreen.storyboard */; };
		7BA52482229AA69B00DD0E06 /* Localizable.strings in Resources */ = {isa = PBXBuildFile; fileRef = 7BA52481229AA69B00DD0E06 /* Localizable.strings */; };
		7BA92C24235F004D0022D645 /* HomeViewController.swift in Sources */ = {isa = PBXBuildFile; fileRef = 7BA92C23235F004C0022D645 /* HomeViewController.swift */; };
		7BA92C27235F00570022D645 /* ActionItem.swift in Sources */ = {isa = PBXBuildFile; fileRef = 7BA92C26235F00570022D645 /* ActionItem.swift */; };
		7BA92C2A235F00600022D645 /* OIDCViewController.swift in Sources */ = {isa = PBXBuildFile; fileRef = 7BA92C29235F00600022D645 /* OIDCViewController.swift */; };
		7BA92C2C235F00AD0022D645 /* AppAuth.xcframework in Frameworks */ = {isa = PBXBuildFile; fileRef = 7BA92C1D235F00350022D645 /* AppAuth.xcframework */; };
		7BA92C2D235F00AD0022D645 /* AppAuth.xcframework in Embed Frameworks */ = {isa = PBXBuildFile; fileRef = 7BA92C1D235F00350022D645 /* AppAuth.xcframework */; settings = {ATTRIBUTES = (CodeSignOnCopy, ); }; };
		D5787EE825E9A3D800DFC2D5 /* UIColor+netHex.swift in Sources */ = {isa = PBXBuildFile; fileRef = D5787EE125E9A3D800DFC2D5 /* UIColor+netHex.swift */; };
		D5787EED25E9A3D800DFC2D5 /* String+localized.swift in Sources */ = {isa = PBXBuildFile; fileRef = D5787EE625E9A3D800DFC2D5 /* String+localized.swift */; };
		D5787EEE25E9A3D800DFC2D5 /* UIView+Border.swift in Sources */ = {isa = PBXBuildFile; fileRef = D5787EE725E9A3D800DFC2D5 /* UIView+Border.swift */; };
		D5869155258BFFB700FAFD07 /* Rubik-Regular.ttf in Resources */ = {isa = PBXBuildFile; fileRef = D5869154258BFFB700FAFD07 /* Rubik-Regular.ttf */; };
		D5869157258BFFF500FAFD07 /* Rubik-Bold.ttf in Resources */ = {isa = PBXBuildFile; fileRef = D5869156258BFFF500FAFD07 /* Rubik-Bold.ttf */; };
/* End PBXBuildFile section */

/* Begin PBXCopyFilesBuildPhase section */
		1C92743527611C86000BFD6F /* Embed Frameworks */ = {
			isa = PBXCopyFilesBuildPhase;
			buildActionMask = 2147483647;
			dstPath = "";
			dstSubfolderSpec = 10;
			files = (
				10A5CBA32A58B2DA004C01BA /* PingOneVerify.xcframework in Embed Frameworks */,
				1C92743927611C86000BFD6F /* AppAuth.xcframework in Embed Frameworks */,
				105EBAD62A58B109001C52FD /* PingOneSDK.xcframework in Embed Frameworks */,
				10A5CBA52A58B301004C01BA /* Microblink.xcframework in Embed Frameworks */,
			);
			name = "Embed Frameworks";
			runOnlyForDeploymentPostprocessing = 0;
		};
		7BA52486229AA7E000DD0E06 /* Embed Frameworks */ = {
			isa = PBXCopyFilesBuildPhase;
			buildActionMask = 2147483647;
			dstPath = "";
			dstSubfolderSpec = 10;
			files = (
				103D91DE2A003086003E8892 /* PingOneVerify.xcframework in Embed Frameworks */,
				7BA92C2D235F00AD0022D645 /* AppAuth.xcframework in Embed Frameworks */,
				103D91E02A003086003E8892 /* Microblink.xcframework in Embed Frameworks */,
				105EBAD82A58B111001C52FD /* PingOneSDK.xcframework in Embed Frameworks */,
			);
			name = "Embed Frameworks";
			runOnlyForDeploymentPostprocessing = 0;
		};
/* End PBXCopyFilesBuildPhase section */

/* Begin PBXFileReference section */
		103D91DB2A003085003E8892 /* PingOneVerify.xcframework */ = {isa = PBXFileReference; lastKnownFileType = wrapper.xcframework; name = PingOneVerify.xcframework; path = "../../../../../pingone-verify-mobile-sdk-ios/SDK/PingOneVerify.xcframework"; sourceTree = "<group>"; };
		103D91DC2A003085003E8892 /* Microblink.xcframework */ = {isa = PBXFileReference; lastKnownFileType = wrapper.xcframework; name = Microblink.xcframework; path = "../../../../../pingone-verify-mobile-sdk-ios/SDK/Microblink.xcframework"; sourceTree = "<group>"; };
		105EBAD22A58B106001C52FD /* PingOneSDK.xcframework */ = {isa = PBXFileReference; lastKnownFileType = wrapper.xcframework; path = PingOneSDK.xcframework; sourceTree = "<group>"; };
		106B88F22A02AF5800A9A9A6 /* String+utilities.swift */ = {isa = PBXFileReference; lastKnownFileType = sourcecode.swift; path = "String+utilities.swift"; sourceTree = "<group>"; };
		10F454AA2A49F3200069130F /* Arimo-Regular.ttf */ = {isa = PBXFileReference; lastKnownFileType = file; path = "Arimo-Regular.ttf"; sourceTree = "<group>"; };
		10F454AB2A49F3200069130F /* Arimo-Bold.ttf */ = {isa = PBXFileReference; lastKnownFileType = file; path = "Arimo-Bold.ttf"; sourceTree = "<group>"; };
		1C34133725F34775006947AA /* en */ = {isa = PBXFileReference; lastKnownFileType = text.plist.strings; name = en; path = en.lproj/Main.strings; sourceTree = "<group>"; };
		1C812D9F29159826001CCCB6 /* Constants.swift */ = {isa = PBXFileReference; lastKnownFileType = sourcecode.swift; path = Constants.swift; sourceTree = "<group>"; };
		1C81FDF025F2E5C700122720 /* lib_colors.xcassets */ = {isa = PBXFileReference; lastKnownFileType = folder.assetcatalog; path = lib_colors.xcassets; sourceTree = "<group>"; };
		1C92744227611C86000BFD6F /* BXHealth.app */ = {isa = PBXFileReference; explicitFileType = wrapper.application; includeInIndex = 0; path = BXHealth.app; sourceTree = BUILT_PRODUCTS_DIR; };
		1C92744327611C86000BFD6F /* BXHealth.plist */ = {isa = PBXFileReference; lastKnownFileType = text.plist.xml; name = BXHealth.plist; path = "/Users/bhavyachauhan/Documents/TechEnablement/BXFinance-Mobile/BXFinance_iOS_source/Sample Code/BXHealth.plist"; sourceTree = "<absolute>"; };
		1C92744427611EDC000BFD6F /* BXHealth.xcassets */ = {isa = PBXFileReference; lastKnownFileType = folder.assetcatalog; path = BXHealth.xcassets; sourceTree = "<group>"; };
		1C9274472761282A000BFD6F /* lib_colors_bxhealth.xcassets */ = {isa = PBXFileReference; lastKnownFileType = folder.assetcatalog; path = lib_colors_bxhealth.xcassets; sourceTree = "<group>"; };
		1C92744C27613F22000BFD6F /* HomeButtonsView.swift */ = {isa = PBXFileReference; lastKnownFileType = sourcecode.swift; path = HomeButtonsView.swift; sourceTree = "<group>"; };
		1C927452276143CC000BFD6F /* Base */ = {isa = PBXFileReference; lastKnownFileType = file.xib; name = Base; path = Base.lproj/HomeButtonsView.xib; sourceTree = "<group>"; };
		1C92745427614489000BFD6F /* HomeButtonLabels.strings */ = {isa = PBXFileReference; lastKnownFileType = text.plist.strings; path = HomeButtonLabels.strings; sourceTree = "<group>"; };
		1C927456276144AD000BFD6F /* HomeButtonLabels.strings */ = {isa = PBXFileReference; lastKnownFileType = text.plist.strings; path = HomeButtonLabels.strings; sourceTree = "<group>"; };
		1C92745A27615DE1000BFD6F /* BXHealth-Constants.swift */ = {isa = PBXFileReference; lastKnownFileType = sourcecode.swift; path = "BXHealth-Constants.swift"; sourceTree = "<group>"; };
		7B32BA9A23687A46008C1CF5 /* Alert.swift */ = {isa = PBXFileReference; lastKnownFileType = sourcecode.swift; path = Alert.swift; sourceTree = "<group>"; };
		7B9C1FED23585AEF0069315F /* Debug-Info.plist */ = {isa = PBXFileReference; lastKnownFileType = text.plist.xml; path = "Debug-Info.plist"; sourceTree = "<group>"; };
		7BA5246C229AA65200DD0E06 /* BXFinance.app */ = {isa = PBXFileReference; explicitFileType = wrapper.application; includeInIndex = 0; path = BXFinance.app; sourceTree = BUILT_PRODUCTS_DIR; };
		7BA5246F229AA65200DD0E06 /* AppDelegate.swift */ = {isa = PBXFileReference; lastKnownFileType = sourcecode.swift; path = AppDelegate.swift; sourceTree = "<group>"; };
		7BA52471229AA65200DD0E06 /* ManualPairingViewController.swift */ = {isa = PBXFileReference; lastKnownFileType = sourcecode.swift; path = ManualPairingViewController.swift; sourceTree = "<group>"; };
		7BA52474229AA65200DD0E06 /* Base */ = {isa = PBXFileReference; lastKnownFileType = file.storyboard; name = Base; path = Base.lproj/Main.storyboard; sourceTree = "<group>"; };
		7BA52476229AA65300DD0E06 /* Assets.xcassets */ = {isa = PBXFileReference; lastKnownFileType = folder.assetcatalog; path = Assets.xcassets; sourceTree = "<group>"; };
		7BA52479229AA65300DD0E06 /* Base */ = {isa = PBXFileReference; lastKnownFileType = file.storyboard; name = Base; path = Base.lproj/LaunchScreen.storyboard; sourceTree = "<group>"; };
		7BA5247B229AA65300DD0E06 /* Info.plist */ = {isa = PBXFileReference; lastKnownFileType = text.plist.xml; path = Info.plist; sourceTree = "<group>"; };
		7BA52481229AA69B00DD0E06 /* Localizable.strings */ = {isa = PBXFileReference; lastKnownFileType = text.plist.strings; path = Localizable.strings; sourceTree = "<group>"; };
		7BA52487229AA7FB00DD0E06 /* SampleApp.entitlements */ = {isa = PBXFileReference; lastKnownFileType = text.plist.entitlements; path = SampleApp.entitlements; sourceTree = "<group>"; };
		7BA92C1D235F00350022D645 /* AppAuth.xcframework */ = {isa = PBXFileReference; lastKnownFileType = wrapper.xcframework; path = AppAuth.xcframework; sourceTree = "<group>"; };
		7BA92C20235F00440022D645 /* BXFinance-Constants.swift */ = {isa = PBXFileReference; fileEncoding = 4; lastKnownFileType = sourcecode.swift; path = "BXFinance-Constants.swift"; sourceTree = "<group>"; };
		7BA92C23235F004C0022D645 /* HomeViewController.swift */ = {isa = PBXFileReference; fileEncoding = 4; lastKnownFileType = sourcecode.swift; path = HomeViewController.swift; sourceTree = "<group>"; };
		7BA92C26235F00570022D645 /* ActionItem.swift */ = {isa = PBXFileReference; fileEncoding = 4; lastKnownFileType = sourcecode.swift; path = ActionItem.swift; sourceTree = "<group>"; };
		7BA92C29235F00600022D645 /* OIDCViewController.swift */ = {isa = PBXFileReference; fileEncoding = 4; lastKnownFileType = sourcecode.swift; path = OIDCViewController.swift; sourceTree = "<group>"; };
		D5787EE125E9A3D800DFC2D5 /* UIColor+netHex.swift */ = {isa = PBXFileReference; fileEncoding = 4; lastKnownFileType = sourcecode.swift; path = "UIColor+netHex.swift"; sourceTree = "<group>"; };
		D5787EE625E9A3D800DFC2D5 /* String+localized.swift */ = {isa = PBXFileReference; fileEncoding = 4; lastKnownFileType = sourcecode.swift; path = "String+localized.swift"; sourceTree = "<group>"; };
		D5787EE725E9A3D800DFC2D5 /* UIView+Border.swift */ = {isa = PBXFileReference; fileEncoding = 4; lastKnownFileType = sourcecode.swift; path = "UIView+Border.swift"; sourceTree = "<group>"; };
		D5869154258BFFB700FAFD07 /* Rubik-Regular.ttf */ = {isa = PBXFileReference; lastKnownFileType = file; path = "Rubik-Regular.ttf"; sourceTree = "<group>"; };
		D5869156258BFFF500FAFD07 /* Rubik-Bold.ttf */ = {isa = PBXFileReference; lastKnownFileType = file; path = "Rubik-Bold.ttf"; sourceTree = "<group>"; };
/* End PBXFileReference section */

/* Begin PBXFrameworksBuildPhase section */
		1C92741D27611C86000BFD6F /* Frameworks */ = {
			isa = PBXFrameworksBuildPhase;
			buildActionMask = 2147483647;
			files = (
				10A5CBA22A58B2DA004C01BA /* PingOneVerify.xcframework in Frameworks */,
				1C92742227611C86000BFD6F /* AppAuth.xcframework in Frameworks */,
				105EBAD52A58B109001C52FD /* PingOneSDK.xcframework in Frameworks */,
				10A5CBA42A58B301004C01BA /* Microblink.xcframework in Frameworks */,
			);
			runOnlyForDeploymentPostprocessing = 0;
		};
		7BA52469229AA65200DD0E06 /* Frameworks */ = {
			isa = PBXFrameworksBuildPhase;
			buildActionMask = 2147483647;
			files = (
				103D91DD2A003086003E8892 /* PingOneVerify.xcframework in Frameworks */,
				7BA92C2C235F00AD0022D645 /* AppAuth.xcframework in Frameworks */,
				103D91DF2A003086003E8892 /* Microblink.xcframework in Frameworks */,
				105EBAD72A58B111001C52FD /* PingOneSDK.xcframework in Frameworks */,
			);
			runOnlyForDeploymentPostprocessing = 0;
		};
/* End PBXFrameworksBuildPhase section */

/* Begin PBXGroup section */
		1C92745927615C28000BFD6F /* BXHealth */ = {
			isa = PBXGroup;
			children = (
				1C927456276144AD000BFD6F /* HomeButtonLabels.strings */,
				1C9274472761282A000BFD6F /* lib_colors_bxhealth.xcassets */,
				1C92744427611EDC000BFD6F /* BXHealth.xcassets */,
				1C92745A27615DE1000BFD6F /* BXHealth-Constants.swift */,
			);
			path = BXHealth;
			sourceTree = "<group>";
		};
		7BA52463229AA65200DD0E06 = {
			isa = PBXGroup;
			children = (
				D5787EB225E99F6400DFC2D5 /* Frameworks */,
				7BA5246E229AA65200DD0E06 /* BXFinance */,
				7BA5246D229AA65200DD0E06 /* Products */,
				1C92744327611C86000BFD6F /* BXHealth.plist */,
			);
			sourceTree = "<group>";
		};
		7BA5246D229AA65200DD0E06 /* Products */ = {
			isa = PBXGroup;
			children = (
				7BA5246C229AA65200DD0E06 /* BXFinance.app */,
				1C92744227611C86000BFD6F /* BXHealth.app */,
			);
			name = Products;
			sourceTree = "<group>";
		};
		7BA5246E229AA65200DD0E06 /* BXFinance */ = {
			isa = PBXGroup;
			children = (
				1C92745927615C28000BFD6F /* BXHealth */,
				D5787EFF25E9A47100DFC2D5 /* resources */,
				D5787EEF25E9A3E600DFC2D5 /* views */,
				D5787EE025E9A3CA00DFC2D5 /* extensions */,
				7BA92C1D235F00350022D645 /* AppAuth.xcframework */,
				105EBAD22A58B106001C52FD /* PingOneSDK.xcframework */,
				7BA52487229AA7FB00DD0E06 /* SampleApp.entitlements */,
				7BA92C20235F00440022D645 /* BXFinance-Constants.swift */,
				1C812D9F29159826001CCCB6 /* Constants.swift */,
				7BA5246F229AA65200DD0E06 /* AppDelegate.swift */,
				7BA92C23235F004C0022D645 /* HomeViewController.swift */,
				7BA52471229AA65200DD0E06 /* ManualPairingViewController.swift */,
				7BA92C29235F00600022D645 /* OIDCViewController.swift */,
				7BA92C26235F00570022D645 /* ActionItem.swift */,
				7BA52473229AA65200DD0E06 /* Main.storyboard */,
				1C92745427614489000BFD6F /* HomeButtonLabels.strings */,
				7BA52476229AA65300DD0E06 /* Assets.xcassets */,
				10F454AB2A49F3200069130F /* Arimo-Bold.ttf */,
				10F454AA2A49F3200069130F /* Arimo-Regular.ttf */,
				D5869154258BFFB700FAFD07 /* Rubik-Regular.ttf */,
				D5869156258BFFF500FAFD07 /* Rubik-Bold.ttf */,
				7BA52478229AA65300DD0E06 /* LaunchScreen.storyboard */,
				7B9C1FED23585AEF0069315F /* Debug-Info.plist */,
				7BA5247B229AA65300DD0E06 /* Info.plist */,
				7BA52481229AA69B00DD0E06 /* Localizable.strings */,
				7B32BA9A23687A46008C1CF5 /* Alert.swift */,
			);
			path = BXFinance;
			sourceTree = "<group>";
		};
		D5787EB225E99F6400DFC2D5 /* Frameworks */ = {
			isa = PBXGroup;
			children = (
				103D91DC2A003085003E8892 /* Microblink.xcframework */,
				103D91DB2A003085003E8892 /* PingOneVerify.xcframework */,
			);
			path = Frameworks;
			sourceTree = "<group>";
		};
		D5787EE025E9A3CA00DFC2D5 /* extensions */ = {
			isa = PBXGroup;
			children = (
				D5787EE625E9A3D800DFC2D5 /* String+localized.swift */,
				D5787EE125E9A3D800DFC2D5 /* UIColor+netHex.swift */,
				D5787EE725E9A3D800DFC2D5 /* UIView+Border.swift */,
				106B88F22A02AF5800A9A9A6 /* String+utilities.swift */,
			);
			path = extensions;
			sourceTree = "<group>";
		};
		D5787EEF25E9A3E600DFC2D5 /* views */ = {
			isa = PBXGroup;
			children = (
				1C92744C27613F22000BFD6F /* HomeButtonsView.swift */,
			);
			path = views;
			sourceTree = "<group>";
		};
		D5787EFF25E9A47100DFC2D5 /* resources */ = {
			isa = PBXGroup;
			children = (
				1C81FDF025F2E5C700122720 /* lib_colors.xcassets */,
				1C927453276143CC000BFD6F /* HomeButtonsView.xib */,
			);
			path = resources;
			sourceTree = "<group>";
		};
/* End PBXGroup section */

/* Begin PBXNativeTarget section */
		1C9273F527611C86000BFD6F /* BXHealth */ = {
			isa = PBXNativeTarget;
			buildConfigurationList = 1C92743F27611C86000BFD6F /* Build configuration list for PBXNativeTarget "BXHealth" */;
			buildPhases = (
				1C9273F827611C86000BFD6F /* Sources */,
				1C92741D27611C86000BFD6F /* Frameworks */,
				1C92742827611C86000BFD6F /* Resources */,
				1C92743527611C86000BFD6F /* Embed Frameworks */,
			);
			buildRules = (
			);
			dependencies = (
			);
			name = BXHealth;
			packageProductDependencies = (
			);
			productName = SampleApp;
			productReference = 1C92744227611C86000BFD6F /* BXHealth.app */;
			productType = "com.apple.product-type.application";
		};
		7BA5246B229AA65200DD0E06 /* BXFinance */ = {
			isa = PBXNativeTarget;
			buildConfigurationList = 7BA5247E229AA65300DD0E06 /* Build configuration list for PBXNativeTarget "BXFinance" */;
			buildPhases = (
				7BA52468229AA65200DD0E06 /* Sources */,
				7BA52469229AA65200DD0E06 /* Frameworks */,
				7BA5246A229AA65200DD0E06 /* Resources */,
				7BA52486229AA7E000DD0E06 /* Embed Frameworks */,
			);
			buildRules = (
			);
			dependencies = (
			);
			name = BXFinance;
			packageProductDependencies = (
			);
			productName = SampleApp;
			productReference = 7BA5246C229AA65200DD0E06 /* BXFinance.app */;
			productType = "com.apple.product-type.application";
		};
/* End PBXNativeTarget section */

/* Begin PBXProject section */
		7BA52464229AA65200DD0E06 /* Project object */ = {
			isa = PBXProject;
			attributes = {
				BuildIndependentTargetsInParallel = YES;
				LastSwiftUpdateCheck = 1020;
				LastUpgradeCheck = 1430;
				ORGANIZATIONNAME = "Ping Identity";
				TargetAttributes = {
					7BA5246B229AA65200DD0E06 = {
						CreatedOnToolsVersion = 10.2;
						SystemCapabilities = {
							com.apple.BackgroundModes = {
								enabled = 1;
							};
							com.apple.Push = {
								enabled = 1;
							};
						};
					};
				};
			};
			buildConfigurationList = 7BA52467229AA65200DD0E06 /* Build configuration list for PBXProject "BXFinance" */;
			compatibilityVersion = "Xcode 9.3";
			developmentRegion = en;
			hasScannedForEncodings = 0;
			knownRegions = (
				en,
				Base,
			);
			mainGroup = 7BA52463229AA65200DD0E06;
			packageReferences = (
			);
			productRefGroup = 7BA5246D229AA65200DD0E06 /* Products */;
			projectDirPath = "";
			projectRoot = "";
			targets = (
				7BA5246B229AA65200DD0E06 /* BXFinance */,
				1C9273F527611C86000BFD6F /* BXHealth */,
			);
		};
/* End PBXProject section */

/* Begin PBXResourcesBuildPhase section */
		1C92742827611C86000BFD6F /* Resources */ = {
			isa = PBXResourcesBuildPhase;
			buildActionMask = 2147483647;
			files = (
				10F454AF2A49F3200069130F /* Arimo-Bold.ttf in Resources */,
				10F454AD2A49F3200069130F /* Arimo-Regular.ttf in Resources */,
				1C92744927612843000BFD6F /* lib_colors_bxhealth.xcassets in Resources */,
				1C927457276144AD000BFD6F /* HomeButtonLabels.strings in Resources */,
				1C92742C27611C86000BFD6F /* Rubik-Regular.ttf in Resources */,
				1C92742D27611C86000BFD6F /* LaunchScreen.storyboard in Resources */,
				1C92742F27611C86000BFD6F /* Localizable.strings in Resources */,
				1C92744527611EDC000BFD6F /* BXHealth.xcassets in Resources */,
				1C92743127611C86000BFD6F /* Rubik-Bold.ttf in Resources */,
				1C927451276143CC000BFD6F /* HomeButtonsView.xib in Resources */,
				1C92743427611C86000BFD6F /* Main.storyboard in Resources */,
			);
			runOnlyForDeploymentPostprocessing = 0;
		};
		7BA5246A229AA65200DD0E06 /* Resources */ = {
			isa = PBXResourcesBuildPhase;
			buildActionMask = 2147483647;
			files = (
				10F454AE2A49F3200069130F /* Arimo-Bold.ttf in Resources */,
				10F454AC2A49F3200069130F /* Arimo-Regular.ttf in Resources */,
				D5869155258BFFB700FAFD07 /* Rubik-Regular.ttf in Resources */,
				7BA5247A229AA65300DD0E06 /* LaunchScreen.storyboard in Resources */,
				1C92745527614489000BFD6F /* HomeButtonLabels.strings in Resources */,
				7BA52482229AA69B00DD0E06 /* Localizable.strings in Resources */,
				D5869157258BFFF500FAFD07 /* Rubik-Bold.ttf in Resources */,
				1C81FDF125F2E5C700122720 /* lib_colors.xcassets in Resources */,
				1C92744627612441000BFD6F /* Assets.xcassets in Resources */,
				1C927450276143CC000BFD6F /* HomeButtonsView.xib in Resources */,
				7BA52475229AA65200DD0E06 /* Main.storyboard in Resources */,
			);
			runOnlyForDeploymentPostprocessing = 0;
		};
/* End PBXResourcesBuildPhase section */

/* Begin PBXSourcesBuildPhase section */
		1C9273F827611C86000BFD6F /* Sources */ = {
			isa = PBXSourcesBuildPhase;
			buildActionMask = 2147483647;
			files = (
				1C812DA129159A0A001CCCB6 /* Constants.swift in Sources */,
				1C92745B27615DE1000BFD6F /* BXHealth-Constants.swift in Sources */,
				1C92740027611C86000BFD6F /* ManualPairingViewController.swift in Sources */,
				1C92740127611C86000BFD6F /* UIColor+netHex.swift in Sources */,
				1C92740227611C86000BFD6F /* UIView+Border.swift in Sources */,
				1C92740527611C86000BFD6F /* OIDCViewController.swift in Sources */,
				1C92740827611C86000BFD6F /* AppDelegate.swift in Sources */,
				1C92740927611C86000BFD6F /* HomeViewController.swift in Sources */,
				1C92740D27611C86000BFD6F /* ActionItem.swift in Sources */,
				1C92741027611C86000BFD6F /* String+localized.swift in Sources */,
				1C92744F27614008000BFD6F /* HomeButtonsView.swift in Sources */,
				1C92741927611C86000BFD6F /* Alert.swift in Sources */,
			);
			runOnlyForDeploymentPostprocessing = 0;
		};
		7BA52468229AA65200DD0E06 /* Sources */ = {
			isa = PBXSourcesBuildPhase;
			buildActionMask = 2147483647;
			files = (
				1C812DA029159826001CCCB6 /* Constants.swift in Sources */,
				7BA52472229AA65200DD0E06 /* ManualPairingViewController.swift in Sources */,
				D5787EE825E9A3D800DFC2D5 /* UIColor+netHex.swift in Sources */,
				106B88F32A02AF5800A9A9A6 /* String+utilities.swift in Sources */,
				D5787EEE25E9A3D800DFC2D5 /* UIView+Border.swift in Sources */,
				7BA92C2A235F00600022D645 /* OIDCViewController.swift in Sources */,
				7BA52470229AA65200DD0E06 /* AppDelegate.swift in Sources */,
				7BA92C24235F004D0022D645 /* HomeViewController.swift in Sources */,
				10C32F2523BA595F00FA5E71 /* BXFinance-Constants.swift in Sources */,
				7BA92C27235F00570022D645 /* ActionItem.swift in Sources */,
				D5787EED25E9A3D800DFC2D5 /* String+localized.swift in Sources */,
				1C92744D27613F22000BFD6F /* HomeButtonsView.swift in Sources */,
				7B32BA9B23687A46008C1CF5 /* Alert.swift in Sources */,
			);
			runOnlyForDeploymentPostprocessing = 0;
		};
/* End PBXSourcesBuildPhase section */

/* Begin PBXVariantGroup section */
		1C927453276143CC000BFD6F /* HomeButtonsView.xib */ = {
			isa = PBXVariantGroup;
			children = (
				1C927452276143CC000BFD6F /* Base */,
			);
			name = HomeButtonsView.xib;
			sourceTree = "<group>";
		};
		7BA52473229AA65200DD0E06 /* Main.storyboard */ = {
			isa = PBXVariantGroup;
			children = (
				7BA52474229AA65200DD0E06 /* Base */,
				1C34133725F34775006947AA /* en */,
			);
			name = Main.storyboard;
			sourceTree = "<group>";
		};
		7BA52478229AA65300DD0E06 /* LaunchScreen.storyboard */ = {
			isa = PBXVariantGroup;
			children = (
				7BA52479229AA65300DD0E06 /* Base */,
			);
			name = LaunchScreen.storyboard;
			sourceTree = "<group>";
		};
/* End PBXVariantGroup section */

/* Begin XCBuildConfiguration section */
		1C92744027611C86000BFD6F /* Debug */ = {
			isa = XCBuildConfiguration;
			buildSettings = {
				ASSETCATALOG_COMPILER_APPICON_NAME = AppIcon;
				CODE_SIGN_ENTITLEMENTS = BXFinance/SampleApp.entitlements;
				CODE_SIGN_IDENTITY = "Apple Development";
				CODE_SIGN_STYLE = Automatic;
				CURRENT_PROJECT_VERSION = 8;
				DEBUG_INFORMATION_FORMAT = "dwarf-with-dsym";
				DEVELOPMENT_TEAM = YZYUGL7S48;
				FRAMEWORK_SEARCH_PATHS = (
					"$(inherited)",
					"$(PROJECT_DIR)/SampleApp",
				);
				INFOPLIST_FILE = BXHealth.plist;
				IPHONEOS_DEPLOYMENT_TARGET = 13.0;
				LD_RUNPATH_SEARCH_PATHS = (
					"$(inherited)",
					"@executable_path/Frameworks",
				);
				MARKETING_VERSION = 1.2;
				PRODUCT_BUNDLE_IDENTIFIER = com.pingIdentity.p14c.bxhealth.sample;
				PRODUCT_NAME = "$(TARGET_NAME)";
				PROVISIONING_PROFILE_SPECIFIER = "";
				SWIFT_VERSION = 5.0;
				TARGETED_DEVICE_FAMILY = "1,2";
				VERSIONING_SYSTEM = "apple-generic";
			};
			name = Debug;
		};
		1C92744127611C86000BFD6F /* Release */ = {
			isa = XCBuildConfiguration;
			buildSettings = {
				ASSETCATALOG_COMPILER_APPICON_NAME = AppIcon;
				CODE_SIGN_ENTITLEMENTS = BXFinance/SampleApp.entitlements;
				CODE_SIGN_IDENTITY = "Apple Development";
				CODE_SIGN_STYLE = Automatic;
				CURRENT_PROJECT_VERSION = 8;
				DEVELOPMENT_TEAM = YZYUGL7S48;
				FRAMEWORK_SEARCH_PATHS = (
					"$(inherited)",
					"$(PROJECT_DIR)/SampleApp",
				);
				INFOPLIST_FILE = BXHealth.plist;
				IPHONEOS_DEPLOYMENT_TARGET = 13.0;
				LD_RUNPATH_SEARCH_PATHS = (
					"$(inherited)",
					"@executable_path/Frameworks",
				);
				MARKETING_VERSION = 1.2;
				PRODUCT_BUNDLE_IDENTIFIER = com.pingIdentity.p14c.bxhealth.sample;
				PRODUCT_NAME = "$(TARGET_NAME)";
				PROVISIONING_PROFILE_SPECIFIER = "";
				SWIFT_VERSION = 5.0;
				TARGETED_DEVICE_FAMILY = "1,2";
				VERSIONING_SYSTEM = "apple-generic";
			};
			name = Release;
		};
		7BA5247C229AA65300DD0E06 /* Debug */ = {
			isa = XCBuildConfiguration;
			buildSettings = {
				ALWAYS_SEARCH_USER_PATHS = NO;
				CLANG_ANALYZER_NONNULL = YES;
				CLANG_ANALYZER_NUMBER_OBJECT_CONVERSION = YES_AGGRESSIVE;
				CLANG_CXX_LANGUAGE_STANDARD = "gnu++14";
				CLANG_CXX_LIBRARY = "libc++";
				CLANG_ENABLE_MODULES = YES;
				CLANG_ENABLE_OBJC_ARC = YES;
				CLANG_ENABLE_OBJC_WEAK = YES;
				CLANG_WARN_BLOCK_CAPTURE_AUTORELEASING = YES;
				CLANG_WARN_BOOL_CONVERSION = YES;
				CLANG_WARN_COMMA = YES;
				CLANG_WARN_CONSTANT_CONVERSION = YES;
				CLANG_WARN_DEPRECATED_OBJC_IMPLEMENTATIONS = YES;
				CLANG_WARN_DIRECT_OBJC_ISA_USAGE = YES_ERROR;
				CLANG_WARN_DOCUMENTATION_COMMENTS = YES;
				CLANG_WARN_EMPTY_BODY = YES;
				CLANG_WARN_ENUM_CONVERSION = YES;
				CLANG_WARN_INFINITE_RECURSION = YES;
				CLANG_WARN_INT_CONVERSION = YES;
				CLANG_WARN_NON_LITERAL_NULL_CONVERSION = YES;
				CLANG_WARN_OBJC_IMPLICIT_RETAIN_SELF = YES;
				CLANG_WARN_OBJC_LITERAL_CONVERSION = YES;
				CLANG_WARN_OBJC_ROOT_CLASS = YES_ERROR;
				CLANG_WARN_QUOTED_INCLUDE_IN_FRAMEWORK_HEADER = YES;
				CLANG_WARN_RANGE_LOOP_ANALYSIS = YES;
				CLANG_WARN_STRICT_PROTOTYPES = YES;
				CLANG_WARN_SUSPICIOUS_MOVE = YES;
				CLANG_WARN_UNGUARDED_AVAILABILITY = YES_AGGRESSIVE;
				CLANG_WARN_UNREACHABLE_CODE = YES;
				CLANG_WARN__DUPLICATE_METHOD_MATCH = YES;
				CODE_SIGN_IDENTITY = "iPhone Developer";
				COPY_PHASE_STRIP = NO;
				CURRENT_PROJECT_VERSION = 91;
				DEBUG_INFORMATION_FORMAT = dwarf;
				ENABLE_STRICT_OBJC_MSGSEND = YES;
				ENABLE_TESTABILITY = YES;
				GCC_C_LANGUAGE_STANDARD = gnu11;
				GCC_DYNAMIC_NO_PIC = NO;
				GCC_NO_COMMON_BLOCKS = YES;
				GCC_OPTIMIZATION_LEVEL = 0;
				GCC_PREPROCESSOR_DEFINITIONS = (
					"DEBUG=1",
					"$(inherited)",
				);
				GCC_WARN_64_TO_32_BIT_CONVERSION = YES;
				GCC_WARN_ABOUT_RETURN_TYPE = YES_ERROR;
				GCC_WARN_UNDECLARED_SELECTOR = YES;
				GCC_WARN_UNINITIALIZED_AUTOS = YES_AGGRESSIVE;
				GCC_WARN_UNUSED_FUNCTION = YES;
				GCC_WARN_UNUSED_VARIABLE = YES;
				IPHONEOS_DEPLOYMENT_TARGET = 12.2;
				MTL_ENABLE_DEBUG_INFO = INCLUDE_SOURCE;
				MTL_FAST_MATH = YES;
				ONLY_ACTIVE_ARCH = YES;
				SDKROOT = iphoneos;
				SWIFT_ACTIVE_COMPILATION_CONDITIONS = DEBUG;
				SWIFT_OPTIMIZATION_LEVEL = "-Onone";
				VERSIONING_SYSTEM = "apple-generic";
			};
			name = Debug;
		};
		7BA5247D229AA65300DD0E06 /* Release */ = {
			isa = XCBuildConfiguration;
			buildSettings = {
				ALWAYS_SEARCH_USER_PATHS = NO;
				CLANG_ANALYZER_NONNULL = YES;
				CLANG_ANALYZER_NUMBER_OBJECT_CONVERSION = YES_AGGRESSIVE;
				CLANG_CXX_LANGUAGE_STANDARD = "gnu++14";
				CLANG_CXX_LIBRARY = "libc++";
				CLANG_ENABLE_MODULES = YES;
				CLANG_ENABLE_OBJC_ARC = YES;
				CLANG_ENABLE_OBJC_WEAK = YES;
				CLANG_WARN_BLOCK_CAPTURE_AUTORELEASING = YES;
				CLANG_WARN_BOOL_CONVERSION = YES;
				CLANG_WARN_COMMA = YES;
				CLANG_WARN_CONSTANT_CONVERSION = YES;
				CLANG_WARN_DEPRECATED_OBJC_IMPLEMENTATIONS = YES;
				CLANG_WARN_DIRECT_OBJC_ISA_USAGE = YES_ERROR;
				CLANG_WARN_DOCUMENTATION_COMMENTS = YES;
				CLANG_WARN_EMPTY_BODY = YES;
				CLANG_WARN_ENUM_CONVERSION = YES;
				CLANG_WARN_INFINITE_RECURSION = YES;
				CLANG_WARN_INT_CONVERSION = YES;
				CLANG_WARN_NON_LITERAL_NULL_CONVERSION = YES;
				CLANG_WARN_OBJC_IMPLICIT_RETAIN_SELF = YES;
				CLANG_WARN_OBJC_LITERAL_CONVERSION = YES;
				CLANG_WARN_OBJC_ROOT_CLASS = YES_ERROR;
				CLANG_WARN_QUOTED_INCLUDE_IN_FRAMEWORK_HEADER = YES;
				CLANG_WARN_RANGE_LOOP_ANALYSIS = YES;
				CLANG_WARN_STRICT_PROTOTYPES = YES;
				CLANG_WARN_SUSPICIOUS_MOVE = YES;
				CLANG_WARN_UNGUARDED_AVAILABILITY = YES_AGGRESSIVE;
				CLANG_WARN_UNREACHABLE_CODE = YES;
				CLANG_WARN__DUPLICATE_METHOD_MATCH = YES;
				CODE_SIGN_IDENTITY = "iPhone Developer";
				COPY_PHASE_STRIP = NO;
				CURRENT_PROJECT_VERSION = 91;
				DEBUG_INFORMATION_FORMAT = "dwarf-with-dsym";
				ENABLE_NS_ASSERTIONS = NO;
				ENABLE_STRICT_OBJC_MSGSEND = YES;
				GCC_C_LANGUAGE_STANDARD = gnu11;
				GCC_NO_COMMON_BLOCKS = YES;
				GCC_WARN_64_TO_32_BIT_CONVERSION = YES;
				GCC_WARN_ABOUT_RETURN_TYPE = YES_ERROR;
				GCC_WARN_UNDECLARED_SELECTOR = YES;
				GCC_WARN_UNINITIALIZED_AUTOS = YES_AGGRESSIVE;
				GCC_WARN_UNUSED_FUNCTION = YES;
				GCC_WARN_UNUSED_VARIABLE = YES;
				IPHONEOS_DEPLOYMENT_TARGET = 12.2;
				MTL_ENABLE_DEBUG_INFO = NO;
				MTL_FAST_MATH = YES;
				SDKROOT = iphoneos;
				SWIFT_COMPILATION_MODE = wholemodule;
				SWIFT_OPTIMIZATION_LEVEL = "-O";
				VALIDATE_PRODUCT = YES;
				VERSIONING_SYSTEM = "apple-generic";
			};
			name = Release;
		};
		7BA5247F229AA65300DD0E06 /* Debug */ = {
			isa = XCBuildConfiguration;
			buildSettings = {
				ASSETCATALOG_COMPILER_APPICON_NAME = AppIcon;
				CODE_SIGN_ENTITLEMENTS = BXFinance/SampleApp.entitlements;
				CODE_SIGN_IDENTITY = "Apple Development";
				CODE_SIGN_STYLE = Automatic;
				CURRENT_PROJECT_VERSION = 24;
				DEBUG_INFORMATION_FORMAT = "dwarf-with-dsym";
				DEVELOPMENT_TEAM = YZYUGL7S48;
				FRAMEWORK_SEARCH_PATHS = (
					"$(inherited)",
					"$(PROJECT_DIR)/SampleApp",
				);
				INFOPLIST_FILE = BXFinance/Info.plist;
				IPHONEOS_DEPLOYMENT_TARGET = 13.0;
				LD_RUNPATH_SEARCH_PATHS = (
					"$(inherited)",
					"@executable_path/Frameworks",
				);
				MARKETING_VERSION = 2.6;
				PRODUCT_BUNDLE_IDENTIFIER = com.pingIdentity.p14c.bxfinance.sample;
				PRODUCT_NAME = "$(TARGET_NAME)";
				PROVISIONING_PROFILE_SPECIFIER = "";
				SWIFT_VERSION = 5.0;
				TARGETED_DEVICE_FAMILY = "1,2";
				VERSIONING_SYSTEM = "apple-generic";
			};
			name = Debug;
		};
		7BA52480229AA65300DD0E06 /* Release */ = {
			isa = XCBuildConfiguration;
			buildSettings = {
				ASSETCATALOG_COMPILER_APPICON_NAME = AppIcon;
				CODE_SIGN_ENTITLEMENTS = BXFinance/SampleApp.entitlements;
				CODE_SIGN_IDENTITY = "Apple Development";
				CODE_SIGN_STYLE = Automatic;
				CURRENT_PROJECT_VERSION = 24;
				DEVELOPMENT_TEAM = YZYUGL7S48;
				FRAMEWORK_SEARCH_PATHS = (
					"$(inherited)",
					"$(PROJECT_DIR)/SampleApp",
				);
				INFOPLIST_FILE = BXFinance/Info.plist;
				IPHONEOS_DEPLOYMENT_TARGET = 13.0;
				LD_RUNPATH_SEARCH_PATHS = (
					"$(inherited)",
					"@executable_path/Frameworks",
				);
				MARKETING_VERSION = 2.6;
				PRODUCT_BUNDLE_IDENTIFIER = com.pingIdentity.p14c.bxfinance.sample;
				PRODUCT_NAME = "$(TARGET_NAME)";
				PROVISIONING_PROFILE_SPECIFIER = "";
				SWIFT_VERSION = 5.0;
				TARGETED_DEVICE_FAMILY = "1,2";
				VERSIONING_SYSTEM = "apple-generic";
			};
			name = Release;
		};
/* End XCBuildConfiguration section */

/* Begin XCConfigurationList section */
		1C92743F27611C86000BFD6F /* Build configuration list for PBXNativeTarget "BXHealth" */ = {
			isa = XCConfigurationList;
			buildConfigurations = (
				1C92744027611C86000BFD6F /* Debug */,
				1C92744127611C86000BFD6F /* Release */,
			);
			defaultConfigurationIsVisible = 0;
			defaultConfigurationName = Release;
		};
		7BA52467229AA65200DD0E06 /* Build configuration list for PBXProject "BXFinance" */ = {
			isa = XCConfigurationList;
			buildConfigurations = (
				7BA5247C229AA65300DD0E06 /* Debug */,
				7BA5247D229AA65300DD0E06 /* Release */,
			);
			defaultConfigurationIsVisible = 0;
			defaultConfigurationName = Release;
		};
		7BA5247E229AA65300DD0E06 /* Build configuration list for PBXNativeTarget "BXFinance" */ = {
			isa = XCConfigurationList;
			buildConfigurations = (
				7BA5247F229AA65300DD0E06 /* Debug */,
				7BA52480229AA65300DD0E06 /* Release */,
			);
			defaultConfigurationIsVisible = 0;
			defaultConfigurationName = Release;
		};
/* End XCConfigurationList section */
	};
	rootObject = 7BA52464229AA65200DD0E06 /* Project object */;
}
